
Microsoft Visual Studio Solution File, Format Version 12.00
# Visual Studio Version 17
VisualStudioVersion = 17.14.36908.2 d17.14
MinimumVisualStudioVersion = 10.0.40219.1
Project("{FAE04EC0-301F-11D3-BF4B-00C04F79EFBC}") = "LTIInsurance", "LTIInsurance\LTIInsurance.csproj", "{CC325ACF-4304-4BAF-A4B3-487AB97AB779}"
EndProject
Project("{FAE04EC0-301F-11D3-BF4B-00C04F79EFBC}") = "LTIInsuranceTest", "LTIInsuranceTest\LTIInsuranceTest.csproj", "{20D35D55-196D-4314-9B08-A2FFC0A0E274}"
EndProject
Global
	GlobalSection(SolutionConfigurationPlatforms) = preSolution
		Debug|Any CPU = Debug|Any CPU
		Release|Any CPU = Release|Any CPU
	EndGlobalSection
	GlobalSection(ProjectConfigurationPlatforms) = postSolution
		{CC325ACF-4304-4BAF-A4B3-487AB97AB779}.Debug|Any CPU.ActiveCfg = Debug|Any CPU
		{CC325ACF-4304-4BAF-A4B3-487AB97AB779}.Debug|Any CPU.Build.0 = Debug|Any CPU
		{CC325ACF-4304-4BAF-A4B3-487AB97AB779}.Release|Any CPU.ActiveCfg = Release|Any CPU
		{CC325ACF-4304-4BAF-A4B3-487AB97AB779}.Release|Any CPU.Build.0 = Release|Any CPU
		{20D35D55-196D-4314-9B08-A2FFC0A0E274}.Debug|Any CPU.ActiveCfg = Debug|Any CPU
		{20D35D55-196D-4314-9B08-A2FFC0A0E274}.Debug|Any CPU.Build.0 = Debug|Any CPU
		{20D35D55-196D-4314-9B08-A2FFC0A0E274}.Release|Any CPU.ActiveCfg = Release|Any CPU
		{20D35D55-196D-4314-9B08-A2FFC0A0E274}.Release|Any CPU.Build.0 = Release|Any CPU
	EndGlobalSection
	GlobalSection(SolutionProperties) = preSolution
		HideSolutionNode = FALSE
	EndGlobalSection
	GlobalSection(ExtensibilityGlobals) = postSolution
		SolutionGuid = {27D3F8FA-61D1-46F4-974C-1CEFA5A295EB}
	EndGlobalSection
EndGlobal
