
Microsoft Visual Studio Solution File, Format Version 12.00
# Visual Studio Version 17
VisualStudioVersion = 17.14.36908.2 d17.14
MinimumVisualStudioVersion = 10.0.40219.1
Project("{FAE04EC0-301F-11D3-BF4B-00C04F79EFBC}") = "InsureGoInsurence", "InsureGoInsurence\InsureGoInsurence.csproj", "{DC13ACC4-38EF-4788-96F4-1198F2C67A30}"
EndProject
Project("{FAE04EC0-301F-11D3-BF4B-00C04F79EFBC}") = "InsureGoTest", "InsureGoTest\InsureGoTest.csproj", "{361219C5-1986-4402-AD68-13C9DD9F5685}"
EndProject
Global
	GlobalSection(SolutionConfigurationPlatforms) = preSolution
		Debug|Any CPU = Debug|Any CPU
		Release|Any CPU = Release|Any CPU
	EndGlobalSection
	GlobalSection(ProjectConfigurationPlatforms) = postSolution
		{DC13ACC4-38EF-4788-96F4-1198F2C67A30}.Debug|Any CPU.ActiveCfg = Debug|Any CPU
		{DC13ACC4-38EF-4788-96F4-1198F2C67A30}.Debug|Any CPU.Build.0 = Debug|Any CPU
		{DC13ACC4-38EF-4788-96F4-1198F2C67A30}.Release|Any CPU.ActiveCfg = Release|Any CPU
		{DC13ACC4-38EF-4788-96F4-1198F2C67A30}.Release|Any CPU.Build.0 = Release|Any CPU
		{361219C5-1986-4402-AD68-13C9DD9F5685}.Debug|Any CPU.ActiveCfg = Debug|Any CPU
		{361219C5-1986-4402-AD68-13C9DD9F5685}.Debug|Any CPU.Build.0 = Debug|Any CPU
		{361219C5-1986-4402-AD68-13C9DD9F5685}.Release|Any CPU.ActiveCfg = Release|Any CPU
		{361219C5-1986-4402-AD68-13C9DD9F5685}.Release|Any CPU.Build.0 = Release|Any CPU
	EndGlobalSection
	GlobalSection(SolutionProperties) = preSolution
		HideSolutionNode = FALSE
	EndGlobalSection
	GlobalSection(ExtensibilityGlobals) = postSolution
		SolutionGuid = {B7B0A9F0-BE9B-4F3B-9E4D-1450551F8459}
	EndGlobalSection
EndGlobal
